// !$*UTF8*$!
{
	archiveVersion = 1;
	classes = {
	};
	objectVersion = 55;
	objects = {

/* Begin PBXBuildFile section */
		0A9F3B1F3BB5EFB2A819DF53 /* NetworkTests.swift in Sources */ = {isa = PBXBuildFile; fileRef = E4F0756BAC030D15B0BA573F /* NetworkTests.swift */; };
		0B7711A50A769C1EC9C89C0C /* NetworkService.swift in Sources */ = {isa = PBXBuildFile; fileRef = 90C41C8487722085FEE05DE5 /* NetworkService.swift */; };
		2D859C8DFEF72FE177371E4D /* URLRequest+Extensions.swift in Sources */ = {isa = PBXBuildFile; fileRef = 283FE5E13502023DC148FC82 /* URLRequest+Extensions.swift */; };
		5815C9DB81013175544F3E98 /* NetworkService.framework in Frameworks */ = {isa = PBXBuildFile; fileRef = ADC9183B12D666BFB5351F52 /* NetworkService.framework */; };
		D5C8DB73D8A526ABB0C7E149 /* Utils.framework in Frameworks */ = {isa = PBXBuildFile; fileRef = 8AF987D8411DD39070F16E0D /* Utils.framework */; };
		D76E4E7B45A294CD8F5F865E /* Endpoint.swift in Sources */ = {isa = PBXBuildFile; fileRef = 41D019FBE229DAC231D04949 /* Endpoint.swift */; };
		E8FE4A524900DBF4FC9040E3 /* HTTP.swift in Sources */ = {isa = PBXBuildFile; fileRef = 5E9997F0C8D777375CF01220 /* HTTP.swift */; };
/* End PBXBuildFile section */

/* Begin PBXContainerItemProxy section */
		77BA0D117672E7DC1BE27729 /* PBXContainerItemProxy */ = {
			isa = PBXContainerItemProxy;
			containerPortal = EB3FED4C698FF2A4ADFEA857 /* Project object */;
			proxyType = 1;
			remoteGlobalIDString = 453323209A3FFF1E78EECE5D;
			remoteInfo = NetworkService;
		};
/* End PBXContainerItemProxy section */

/* Begin PBXCopyFilesBuildPhase section */
		A4317292F5A1DE2135F74C6F /* Embed Frameworks */ = {
			isa = PBXCopyFilesBuildPhase;
			buildActionMask = 2147483647;
			dstPath = "";
			dstSubfolderSpec = 10;
			files = (
			);
			name = "Embed Frameworks";
			runOnlyForDeploymentPostprocessing = 0;
		};
		F4165CBA29B202002CFAD1D1 /* Embed Frameworks */ = {
			isa = PBXCopyFilesBuildPhase;
			buildActionMask = 2147483647;
			dstPath = "";
			dstSubfolderSpec = 10;
			files = (
			);
			name = "Embed Frameworks";
			runOnlyForDeploymentPostprocessing = 0;
		};
/* End PBXCopyFilesBuildPhase section */

/* Begin PBXFileReference section */
		283FE5E13502023DC148FC82 /* URLRequest+Extensions.swift */ = {isa = PBXFileReference; lastKnownFileType = sourcecode.swift; path = "URLRequest+Extensions.swift"; sourceTree = "<group>"; };
		41D019FBE229DAC231D04949 /* Endpoint.swift */ = {isa = PBXFileReference; lastKnownFileType = sourcecode.swift; path = Endpoint.swift; sourceTree = "<group>"; };
		5E9997F0C8D777375CF01220 /* HTTP.swift */ = {isa = PBXFileReference; lastKnownFileType = sourcecode.swift; path = HTTP.swift; sourceTree = "<group>"; };
		64DF117A648F822D059C86FC /* NetworkServiceTests-Info.plist */ = {isa = PBXFileReference; lastKnownFileType = text.plist; path = "NetworkServiceTests-Info.plist"; sourceTree = "<group>"; };
		8AF987D8411DD39070F16E0D /* Utils.framework */ = {isa = PBXFileReference; explicitFileType = wrapper.framework; includeInIndex = 0; path = Utils.framework; sourceTree = BUILT_PRODUCTS_DIR; };
		8F5526A4FFA664BE907263C9 /* NetworkServiceTests.xctest */ = {isa = PBXFileReference; explicitFileType = wrapper.cfbundle; includeInIndex = 0; path = NetworkServiceTests.xctest; sourceTree = BUILT_PRODUCTS_DIR; };
		90C41C8487722085FEE05DE5 /* NetworkService.swift */ = {isa = PBXFileReference; lastKnownFileType = sourcecode.swift; path = NetworkService.swift; sourceTree = "<group>"; };
		ADC9183B12D666BFB5351F52 /* NetworkService.framework */ = {isa = PBXFileReference; explicitFileType = wrapper.framework; includeInIndex = 0; path = NetworkService.framework; sourceTree = BUILT_PRODUCTS_DIR; };
		C463F8FAE8AE26DF76BDB73C /* NetworkService-Info.plist */ = {isa = PBXFileReference; lastKnownFileType = text.plist; path = "NetworkService-Info.plist"; sourceTree = "<group>"; };
		E4F0756BAC030D15B0BA573F /* NetworkTests.swift */ = {isa = PBXFileReference; lastKnownFileType = sourcecode.swift; path = NetworkTests.swift; sourceTree = "<group>"; };
/* End PBXFileReference section */

/* Begin PBXFrameworksBuildPhase section */
		25FE99C35CE0963B40554522 /* Frameworks */ = {
			isa = PBXFrameworksBuildPhase;
			buildActionMask = 2147483647;
			files = (
				D5C8DB73D8A526ABB0C7E149 /* Utils.framework in Frameworks */,
			);
			runOnlyForDeploymentPostprocessing = 0;
		};
		FD0B822481C7DFC72D8E42F0 /* Frameworks */ = {
			isa = PBXFrameworksBuildPhase;
			buildActionMask = 2147483647;
			files = (
				5815C9DB81013175544F3E98 /* NetworkService.framework in Frameworks */,
			);
			runOnlyForDeploymentPostprocessing = 0;
		};
/* End PBXFrameworksBuildPhase section */

/* Begin PBXGroup section */
		148D6A39ABC2587E4D2F1988 /* Derived */ = {
			isa = PBXGroup;
			children = (
				EC532597712A1FBA04CFD78C /* InfoPlists */,
			);
			path = Derived;
			sourceTree = "<group>";
		};
		1CCF18B4D314D0B3F272276C /* Tests */ = {
			isa = PBXGroup;
			children = (
				E4F0756BAC030D15B0BA573F /* NetworkTests.swift */,
			);
			path = Tests;
			sourceTree = "<group>";
		};
		38525DA2689C825D960A837C /* Sources */ = {
			isa = PBXGroup;
			children = (
				78980F590B42442337A79039 /* API */,
				90C41C8487722085FEE05DE5 /* NetworkService.swift */,
			);
			path = Sources;
			sourceTree = "<group>";
		};
		6D61C1E9CBF89851A6C6512A /* Frameworks */ = {
			isa = PBXGroup;
			children = (
			);
			name = Frameworks;
			sourceTree = "<group>";
		};
		78980F590B42442337A79039 /* API */ = {
			isa = PBXGroup;
			children = (
				41D019FBE229DAC231D04949 /* Endpoint.swift */,
				5E9997F0C8D777375CF01220 /* HTTP.swift */,
				283FE5E13502023DC148FC82 /* URLRequest+Extensions.swift */,
			);
			path = API;
			sourceTree = "<group>";
		};
		917E375D5D1EBF640B969937 = {
			isa = PBXGroup;
			children = (
				F5A12338C6DFF9DA9F364B5E /* Project */,
				6D61C1E9CBF89851A6C6512A /* Frameworks */,
				96053B0DA2B8564E92B2FA2B /* Products */,
			);
			sourceTree = "<group>";
		};
		96053B0DA2B8564E92B2FA2B /* Products */ = {
			isa = PBXGroup;
			children = (
				ADC9183B12D666BFB5351F52 /* NetworkService.framework */,
				8F5526A4FFA664BE907263C9 /* NetworkServiceTests.xctest */,
				8AF987D8411DD39070F16E0D /* Utils.framework */,
			);
			name = Products;
			sourceTree = "<group>";
		};
		EC532597712A1FBA04CFD78C /* InfoPlists */ = {
			isa = PBXGroup;
			children = (
				C463F8FAE8AE26DF76BDB73C /* NetworkService-Info.plist */,
				64DF117A648F822D059C86FC /* NetworkServiceTests-Info.plist */,
			);
			path = InfoPlists;
			sourceTree = "<group>";
		};
		F5A12338C6DFF9DA9F364B5E /* Project */ = {
			isa = PBXGroup;
			children = (
				148D6A39ABC2587E4D2F1988 /* Derived */,
				38525DA2689C825D960A837C /* Sources */,
				1CCF18B4D314D0B3F272276C /* Tests */,
			);
			name = Project;
			sourceTree = "<group>";
		};
/* End PBXGroup section */

/* Begin PBXNativeTarget section */
		453323209A3FFF1E78EECE5D /* NetworkService */ = {
			isa = PBXNativeTarget;
			buildConfigurationList = 3EEC6483F5DC67DFF271B8A1 /* Build configuration list for PBXNativeTarget "NetworkService" */;
			buildPhases = (
				FEB15D530FBB3AEF18ECBFDF /* Sources */,
				50C5AA2EE349E6D8938ACB46 /* Resources */,
				A4317292F5A1DE2135F74C6F /* Embed Frameworks */,
				25FE99C35CE0963B40554522 /* Frameworks */,
			);
			buildRules = (
			);
			dependencies = (
			);
			name = NetworkService;
			productName = NetworkService;
			productReference = ADC9183B12D666BFB5351F52 /* NetworkService.framework */;
			productType = "com.apple.product-type.framework";
		};
		E9352438CCA76AF037B25979 /* NetworkServiceTests */ = {
			isa = PBXNativeTarget;
			buildConfigurationList = 433131CA5F360E47E61E12C3 /* Build configuration list for PBXNativeTarget "NetworkServiceTests" */;
			buildPhases = (
				FD53998A6167CC4256715864 /* Sources */,
				8D8781B4CB71C1D45E518232 /* Resources */,
				F4165CBA29B202002CFAD1D1 /* Embed Frameworks */,
				FD0B822481C7DFC72D8E42F0 /* Frameworks */,
			);
			buildRules = (
			);
			dependencies = (
				C0C0FEEF7495AEC5CFDF5830 /* PBXTargetDependency */,
			);
			name = NetworkServiceTests;
			productName = NetworkServiceTests;
			productReference = 8F5526A4FFA664BE907263C9 /* NetworkServiceTests.xctest */;
			productType = "com.apple.product-type.bundle.unit-test";
		};
/* End PBXNativeTarget section */

/* Begin PBXProject section */
		EB3FED4C698FF2A4ADFEA857 /* Project object */ = {
			isa = PBXProject;
			attributes = {
				BuildIndependentTargetsInParallel = YES;
				ORGANIZATIONNAME = labo.summer;
				TargetAttributes = {
				};
			};
			buildConfigurationList = FFC6118989876A9280B17F0F /* Build configuration list for PBXProject "NetworkService" */;
			compatibilityVersion = "Xcode 14.0";
			developmentRegion = en;
			hasScannedForEncodings = 0;
			knownRegions = (
				Base,
				en,
			);
			mainGroup = 917E375D5D1EBF640B969937;
			productRefGroup = 96053B0DA2B8564E92B2FA2B /* Products */;
			projectDirPath = "";
			projectRoot = "";
			targets = (
				453323209A3FFF1E78EECE5D /* NetworkService */,
				E9352438CCA76AF037B25979 /* NetworkServiceTests */,
			);
		};
/* End PBXProject section */

/* Begin PBXResourcesBuildPhase section */
		50C5AA2EE349E6D8938ACB46 /* Resources */ = {
			isa = PBXResourcesBuildPhase;
			buildActionMask = 2147483647;
			files = (
			);
			runOnlyForDeploymentPostprocessing = 0;
		};
		8D8781B4CB71C1D45E518232 /* Resources */ = {
			isa = PBXResourcesBuildPhase;
			buildActionMask = 2147483647;
			files = (
			);
			runOnlyForDeploymentPostprocessing = 0;
		};
/* End PBXResourcesBuildPhase section */

/* Begin PBXSourcesBuildPhase section */
		FD53998A6167CC4256715864 /* Sources */ = {
			isa = PBXSourcesBuildPhase;
			buildActionMask = 2147483647;
			files = (
				0A9F3B1F3BB5EFB2A819DF53 /* NetworkTests.swift in Sources */,
			);
			runOnlyForDeploymentPostprocessing = 0;
		};
		FEB15D530FBB3AEF18ECBFDF /* Sources */ = {
			isa = PBXSourcesBuildPhase;
			buildActionMask = 2147483647;
			files = (
				D76E4E7B45A294CD8F5F865E /* Endpoint.swift in Sources */,
				E8FE4A524900DBF4FC9040E3 /* HTTP.swift in Sources */,
				2D859C8DFEF72FE177371E4D /* URLRequest+Extensions.swift in Sources */,
				0B7711A50A769C1EC9C89C0C /* NetworkService.swift in Sources */,
			);
			runOnlyForDeploymentPostprocessing = 0;
		};
/* End PBXSourcesBuildPhase section */

/* Begin PBXTargetDependency section */
		C0C0FEEF7495AEC5CFDF5830 /* PBXTargetDependency */ = {
			isa = PBXTargetDependency;
			name = NetworkService;
			target = 453323209A3FFF1E78EECE5D /* NetworkService */;
			targetProxy = 77BA0D117672E7DC1BE27729 /* PBXContainerItemProxy */;
		};
/* End PBXTargetDependency section */

/* Begin XCBuildConfiguration section */
		421DE9A2A02E61D79A03602A /* Release */ = {
			isa = XCBuildConfiguration;
			buildSettings = {
				CODE_SIGN_IDENTITY = "";
				CURRENT_PROJECT_VERSION = 1;
				DEFINES_MODULE = YES;
				DYLIB_COMPATIBILITY_VERSION = 1;
				DYLIB_CURRENT_VERSION = 1;
				DYLIB_INSTALL_NAME_BASE = "@rpath";
				INFOPLIST_FILE = "Derived/InfoPlists/NetworkService-Info.plist";
				INSTALL_PATH = "$(LOCAL_LIBRARY_DIR)/Frameworks";
				IPHONEOS_DEPLOYMENT_TARGET = 14.0;
				LD_RUNPATH_SEARCH_PATHS = (
					"$(inherited)",
					"@executable_path/Frameworks",
					"@loader_path/Frameworks",
				);
				PRODUCT_BUNDLE_IDENTIFIER = labo.summer.NetworkService;
				PRODUCT_NAME = NetworkService;
				SDKROOT = iphoneos;
				SKIP_INSTALL = YES;
				SUPPORTS_MACCATALYST = NO;
				SUPPORTS_MAC_DESIGNED_FOR_IPHONE_IPAD = YES;
				SUPPORTS_XR_DESIGNED_FOR_IPHONE_IPAD = NO;
				SWIFT_COMPILATION_MODE = wholemodule;
				SWIFT_OPTIMIZATION_LEVEL = "-Owholemodule";
				SWIFT_VERSION = 5.0;
				TARGETED_DEVICE_FAMILY = "1,2";
				VERSIONING_SYSTEM = "apple-generic";
				VERSION_INFO_PREFIX = "";
			};
			name = Release;
		};
		5E7B9EC29A8B3DFD9961DD7C /* Debug */ = {
			isa = XCBuildConfiguration;
			buildSettings = {
				CODE_SIGN_IDENTITY = "";
				CURRENT_PROJECT_VERSION = 1;
				DEFINES_MODULE = YES;
				DYLIB_COMPATIBILITY_VERSION = 1;
				DYLIB_CURRENT_VERSION = 1;
				DYLIB_INSTALL_NAME_BASE = "@rpath";
				INFOPLIST_FILE = "Derived/InfoPlists/NetworkService-Info.plist";
				INSTALL_PATH = "$(LOCAL_LIBRARY_DIR)/Frameworks";
				IPHONEOS_DEPLOYMENT_TARGET = 14.0;
				LD_RUNPATH_SEARCH_PATHS = (
					"$(inherited)",
					"@executable_path/Frameworks",
					"@loader_path/Frameworks",
				);
				PRODUCT_BUNDLE_IDENTIFIER = labo.summer.NetworkService;
				PRODUCT_NAME = NetworkService;
				SDKROOT = iphoneos;
				SKIP_INSTALL = YES;
				SUPPORTS_MACCATALYST = NO;
				SUPPORTS_MAC_DESIGNED_FOR_IPHONE_IPAD = YES;
				SUPPORTS_XR_DESIGNED_FOR_IPHONE_IPAD = NO;
				SWIFT_ACTIVE_COMPILATION_CONDITIONS = DEBUG;
				SWIFT_COMPILATION_MODE = singlefile;
				SWIFT_OPTIMIZATION_LEVEL = "-Onone";
				SWIFT_VERSION = 5.0;
				TARGETED_DEVICE_FAMILY = "1,2";
				VERSIONING_SYSTEM = "apple-generic";
				VERSION_INFO_PREFIX = "";
			};
			name = Debug;
		};
		6857862F3B606B0A883BBB89 /* Release */ = {
			isa = XCBuildConfiguration;
			buildSettings = {
				ALWAYS_SEARCH_USER_PATHS = NO;
				CLANG_ANALYZER_LOCALIZABILITY_NONLOCALIZED = YES;
				CLANG_ANALYZER_NONNULL = YES;
				CLANG_ANALYZER_NUMBER_OBJECT_CONVERSION = YES_AGGRESSIVE;
				CLANG_CXX_LANGUAGE_STANDARD = "gnu++14";
				CLANG_CXX_LIBRARY = "libc++";
				CLANG_ENABLE_MODULES = YES;
				CLANG_ENABLE_OBJC_ARC = YES;
				CLANG_ENABLE_OBJC_WEAK = YES;
				CLANG_WARN_BLOCK_CAPTURE_AUTORELEASING = YES;
				CLANG_WARN_BOOL_CONVERSION = YES;
				CLANG_WARN_COMMA = YES;
				CLANG_WARN_CONSTANT_CONVERSION = YES;
				CLANG_WARN_DEPRECATED_OBJC_IMPLEMENTATIONS = YES;
				CLANG_WARN_DIRECT_OBJC_ISA_USAGE = YES_ERROR;
				CLANG_WARN_DOCUMENTATION_COMMENTS = YES;
				CLANG_WARN_EMPTY_BODY = YES;
				CLANG_WARN_ENUM_CONVERSION = YES;
				CLANG_WARN_INFINITE_RECURSION = YES;
				CLANG_WARN_INT_CONVERSION = YES;
				CLANG_WARN_NON_LITERAL_NULL_CONVERSION = YES;
				CLANG_WARN_OBJC_IMPLICIT_RETAIN_SELF = YES;
				CLANG_WARN_OBJC_LITERAL_CONVERSION = YES;
				CLANG_WARN_OBJC_ROOT_CLASS = YES_ERROR;
				CLANG_WARN_QUOTED_INCLUDE_IN_FRAMEWORK_HEADER = YES;
				CLANG_WARN_RANGE_LOOP_ANALYSIS = YES;
				CLANG_WARN_STRICT_PROTOTYPES = YES;
				CLANG_WARN_SUSPICIOUS_MOVE = YES;
				CLANG_WARN_UNGUARDED_AVAILABILITY = YES_AGGRESSIVE;
				CLANG_WARN_UNREACHABLE_CODE = YES;
				CLANG_WARN__DUPLICATE_METHOD_MATCH = YES;
				COPY_PHASE_STRIP = NO;
				DEAD_CODE_STRIPPING = YES;
				DEBUG_INFORMATION_FORMAT = "dwarf-with-dsym";
				ENABLE_NS_ASSERTIONS = NO;
				ENABLE_STRICT_OBJC_MSGSEND = YES;
				GCC_C_LANGUAGE_STANDARD = gnu11;
				GCC_NO_COMMON_BLOCKS = YES;
				GCC_WARN_64_TO_32_BIT_CONVERSION = YES;
				GCC_WARN_ABOUT_RETURN_TYPE = YES_ERROR;
				GCC_WARN_UNDECLARED_SELECTOR = YES;
				GCC_WARN_UNINITIALIZED_AUTOS = YES_AGGRESSIVE;
				GCC_WARN_UNUSED_FUNCTION = YES;
				GCC_WARN_UNUSED_VARIABLE = YES;
				MTL_ENABLE_DEBUG_INFO = NO;
				PRODUCT_NAME = "$(TARGET_NAME)";
				VALIDATE_PRODUCT = YES;
			};
			name = Release;
		};
		905A7408FBB289B388986350 /* Release */ = {
			isa = XCBuildConfiguration;
			buildSettings = {
				CODE_SIGN_IDENTITY = "iPhone Developer";
				INFOPLIST_FILE = "Derived/InfoPlists/NetworkServiceTests-Info.plist";
				IPHONEOS_DEPLOYMENT_TARGET = 14.0;
				LD_RUNPATH_SEARCH_PATHS = (
					"$(inherited)",
					"@executable_path/Frameworks",
					"@loader_path/Frameworks",
				);
				PRODUCT_BUNDLE_IDENTIFIER = labo.summer.NetworkServiceTests;
				PRODUCT_NAME = NetworkServiceTests;
				SDKROOT = iphoneos;
				SUPPORTS_MACCATALYST = NO;
				SUPPORTS_MAC_DESIGNED_FOR_IPHONE_IPAD = YES;
				SUPPORTS_XR_DESIGNED_FOR_IPHONE_IPAD = NO;
				SWIFT_COMPILATION_MODE = wholemodule;
				SWIFT_OPTIMIZATION_LEVEL = "-Owholemodule";
				SWIFT_VERSION = 5.0;
				TARGETED_DEVICE_FAMILY = "1,2";
			};
			name = Release;
		};
		CEC7329D98018C021E2E5B1F /* Debug */ = {
			isa = XCBuildConfiguration;
			buildSettings = {
				ALWAYS_SEARCH_USER_PATHS = NO;
				CLANG_ANALYZER_LOCALIZABILITY_NONLOCALIZED = YES;
				CLANG_ANALYZER_NONNULL = YES;
				CLANG_ANALYZER_NUMBER_OBJECT_CONVERSION = YES_AGGRESSIVE;
				CLANG_CXX_LANGUAGE_STANDARD = "gnu++14";
				CLANG_CXX_LIBRARY = "libc++";
				CLANG_ENABLE_MODULES = YES;
				CLANG_ENABLE_OBJC_ARC = YES;
				CLANG_ENABLE_OBJC_WEAK = YES;
				CLANG_WARN_BLOCK_CAPTURE_AUTORELEASING = YES;
				CLANG_WARN_BOOL_CONVERSION = YES;
				CLANG_WARN_COMMA = YES;
				CLANG_WARN_CONSTANT_CONVERSION = YES;
				CLANG_WARN_DEPRECATED_OBJC_IMPLEMENTATIONS = YES;
				CLANG_WARN_DIRECT_OBJC_ISA_USAGE = YES_ERROR;
				CLANG_WARN_DOCUMENTATION_COMMENTS = YES;
				CLANG_WARN_EMPTY_BODY = YES;
				CLANG_WARN_ENUM_CONVERSION = YES;
				CLANG_WARN_INFINITE_RECURSION = YES;
				CLANG_WARN_INT_CONVERSION = YES;
				CLANG_WARN_NON_LITERAL_NULL_CONVERSION = YES;
				CLANG_WARN_OBJC_IMPLICIT_RETAIN_SELF = YES;
				CLANG_WARN_OBJC_LITERAL_CONVERSION = YES;
				CLANG_WARN_OBJC_ROOT_CLASS = YES_ERROR;
				CLANG_WARN_QUOTED_INCLUDE_IN_FRAMEWORK_HEADER = YES;
				CLANG_WARN_RANGE_LOOP_ANALYSIS = YES;
				CLANG_WARN_STRICT_PROTOTYPES = YES;
				CLANG_WARN_SUSPICIOUS_MOVE = YES;
				CLANG_WARN_UNGUARDED_AVAILABILITY = YES_AGGRESSIVE;
				CLANG_WARN_UNREACHABLE_CODE = YES;
				CLANG_WARN__DUPLICATE_METHOD_MATCH = YES;
				COPY_PHASE_STRIP = NO;
				DEAD_CODE_STRIPPING = YES;
				DEBUG_INFORMATION_FORMAT = dwarf;
				ENABLE_STRICT_OBJC_MSGSEND = YES;
				ENABLE_TESTABILITY = YES;
				GCC_C_LANGUAGE_STANDARD = gnu11;
				GCC_DYNAMIC_NO_PIC = NO;
				GCC_NO_COMMON_BLOCKS = YES;
				GCC_OPTIMIZATION_LEVEL = 0;
				GCC_PREPROCESSOR_DEFINITIONS = (
					"DEBUG=1",
					"$(inherited)",
				);
				GCC_WARN_64_TO_32_BIT_CONVERSION = YES;
				GCC_WARN_ABOUT_RETURN_TYPE = YES_ERROR;
				GCC_WARN_UNDECLARED_SELECTOR = YES;
				GCC_WARN_UNINITIALIZED_AUTOS = YES_AGGRESSIVE;
				GCC_WARN_UNUSED_FUNCTION = YES;
				GCC_WARN_UNUSED_VARIABLE = YES;
				MTL_ENABLE_DEBUG_INFO = YES;
				ONLY_ACTIVE_ARCH = YES;
				PRODUCT_NAME = "$(TARGET_NAME)";
			};
			name = Debug;
		};
		F388090BBECCE4AAC04E1219 /* Debug */ = {
			isa = XCBuildConfiguration;
			buildSettings = {
				CODE_SIGN_IDENTITY = "iPhone Developer";
				INFOPLIST_FILE = "Derived/InfoPlists/NetworkServiceTests-Info.plist";
				IPHONEOS_DEPLOYMENT_TARGET = 14.0;
				LD_RUNPATH_SEARCH_PATHS = (
					"$(inherited)",
					"@executable_path/Frameworks",
					"@loader_path/Frameworks",
				);
				PRODUCT_BUNDLE_IDENTIFIER = labo.summer.NetworkServiceTests;
				PRODUCT_NAME = NetworkServiceTests;
				SDKROOT = iphoneos;
				SUPPORTS_MACCATALYST = NO;
				SUPPORTS_MAC_DESIGNED_FOR_IPHONE_IPAD = YES;
				SUPPORTS_XR_DESIGNED_FOR_IPHONE_IPAD = NO;
				SWIFT_ACTIVE_COMPILATION_CONDITIONS = DEBUG;
				SWIFT_COMPILATION_MODE = singlefile;
				SWIFT_OPTIMIZATION_LEVEL = "-Onone";
				SWIFT_VERSION = 5.0;
				TARGETED_DEVICE_FAMILY = "1,2";
			};
			name = Debug;
		};
/* End XCBuildConfiguration section */

/* Begin XCConfigurationList section */
		3EEC6483F5DC67DFF271B8A1 /* Build configuration list for PBXNativeTarget "NetworkService" */ = {
			isa = XCConfigurationList;
			buildConfigurations = (
				5E7B9EC29A8B3DFD9961DD7C /* Debug */,
				421DE9A2A02E61D79A03602A /* Release */,
			);
			defaultConfigurationIsVisible = 0;
			defaultConfigurationName = Release;
		};
		433131CA5F360E47E61E12C3 /* Build configuration list for PBXNativeTarget "NetworkServiceTests" */ = {
			isa = XCConfigurationList;
			buildConfigurations = (
				F388090BBECCE4AAC04E1219 /* Debug */,
				905A7408FBB289B388986350 /* Release */,
			);
			defaultConfigurationIsVisible = 0;
			defaultConfigurationName = Release;
		};
		FFC6118989876A9280B17F0F /* Build configuration list for PBXProject "NetworkService" */ = {
			isa = XCConfigurationList;
			buildConfigurations = (
				CEC7329D98018C021E2E5B1F /* Debug */,
				6857862F3B606B0A883BBB89 /* Release */,
			);
			defaultConfigurationIsVisible = 0;
			defaultConfigurationName = Release;
		};
/* End XCConfigurationList section */
	};
	rootObject = EB3FED4C698FF2A4ADFEA857 /* Project object */;
}
