<?xml version="1.0" encoding="UTF-8"?>
<Scheme
   LastUpgradeVersion = "1010"
   version = "1.3">
   <BuildAction
      parallelizeBuildables = "YES"
      buildImplicitDependencies = "YES">
      <BuildActionEntries>
         <BuildActionEntry
            buildForTesting = "YES"
            buildForRunning = "YES"
            buildForProfiling = "YES"
            buildForArchiving = "YES"
            buildForAnalyzing = "YES">
            <BuildableReference
               BuildableIdentifier = "primary"
               BlueprintIdentifier = "174F228032D86EF138FD3A2B"
               BuildableName = "Application.app"
               BlueprintName = "Application"
               ReferencedContainer = "container:Projects/Application/Application.xcodeproj">
            </BuildableReference>
         </BuildActionEntry>
         <BuildActionEntry
            buildForTesting = "YES"
            buildForRunning = "YES"
            buildForProfiling = "YES"
            buildForArchiving = "YES"
            buildForAnalyzing = "YES">
            <BuildableReference
               BuildableIdentifier = "primary"
               BlueprintIdentifier = "FC89A7898A721BD3826C9825"
               BuildableName = "ApplicationTests.xctest"
               BlueprintName = "ApplicationTests"
               ReferencedContainer = "container:Projects/Application/Application.xcodeproj">
            </BuildableReference>
         </BuildActionEntry>
         <BuildActionEntry
            buildForTesting = "YES"
            buildForRunning = "YES"
            buildForProfiling = "YES"
            buildForArchiving = "YES"
            buildForAnalyzing = "YES">
            <BuildableReference
               BuildableIdentifier = "primary"
               BlueprintIdentifier = "CC2BAF6A3A678527439890DE"
               BuildableName = "CombineCocoa.framework"
               BlueprintName = "CombineCocoa"
               ReferencedContainer = "container:Tuist/Dependencies/SwiftPackageManager/.build/checkouts/CombineCocoa/CombineCocoa.xcodeproj">
            </BuildableReference>
         </BuildActionEntry>
         <BuildActionEntry
            buildForTesting = "YES"
            buildForRunning = "YES"
            buildForProfiling = "YES"
            buildForArchiving = "YES"
            buildForAnalyzing = "YES">
            <BuildableReference
               BuildableIdentifier = "primary"
               BlueprintIdentifier = "B90FCF66245CD7327BEE2CBF"
               BuildableName = "Core.framework"
               BlueprintName = "Core"
               ReferencedContainer = "container:Projects/Core/Core.xcodeproj">
            </BuildableReference>
         </BuildActionEntry>
         <BuildActionEntry
            buildForTesting = "YES"
            buildForRunning = "YES"
            buildForProfiling = "YES"
            buildForArchiving = "YES"
            buildForAnalyzing = "YES">
            <BuildableReference
               BuildableIdentifier = "primary"
               BlueprintIdentifier = "73B1A2AD90A7970B7DB39CDC"
               BuildableName = "CoreTests.xctest"
               BlueprintName = "CoreTests"
               ReferencedContainer = "container:Projects/Core/Core.xcodeproj">
            </BuildableReference>
         </BuildActionEntry>
         <BuildActionEntry
            buildForTesting = "YES"
            buildForRunning = "YES"
            buildForProfiling = "YES"
            buildForArchiving = "YES"
            buildForAnalyzing = "YES">
            <BuildableReference
               BuildableIdentifier = "primary"
               BlueprintIdentifier = "889701595646A30881D30ED8"
               BuildableName = "Feature.framework"
               BlueprintName = "Feature"
               ReferencedContainer = "container:Projects/Feature/Feature.xcodeproj">
            </BuildableReference>
         </BuildActionEntry>
         <BuildActionEntry
            buildForTesting = "YES"
            buildForRunning = "YES"
            buildForProfiling = "YES"
            buildForArchiving = "YES"
            buildForAnalyzing = "YES">
            <BuildableReference
               BuildableIdentifier = "primary"
               BlueprintIdentifier = "395908F38EE4467A7CAEF8AB"
               BuildableName = "FeatureSearch.framework"
               BlueprintName = "FeatureSearch"
               ReferencedContainer = "container:Projects/FeatureSearch/FeatureSearch.xcodeproj">
            </BuildableReference>
         </BuildActionEntry>
         <BuildActionEntry
            buildForTesting = "YES"
            buildForRunning = "YES"
            buildForProfiling = "YES"
            buildForArchiving = "YES"
            buildForAnalyzing = "YES">
            <BuildableReference
               BuildableIdentifier = "primary"
               BlueprintIdentifier = "4358BEC79B22D637D2D6933E"
               BuildableName = "FeatureSearchDemoApp.app"
               BlueprintName = "FeatureSearchDemoApp"
               ReferencedContainer = "container:Projects/FeatureSearchDemoApp/FeatureSearchDemoApp.xcodeproj">
            </BuildableReference>
         </BuildActionEntry>
         <BuildActionEntry
            buildForTesting = "YES"
            buildForRunning = "YES"
            buildForProfiling = "YES"
            buildForArchiving = "YES"
            buildForAnalyzing = "YES">
            <BuildableReference
               BuildableIdentifier = "primary"
               BlueprintIdentifier = "215D920A36D439D0EBEA743F"
               BuildableName = "FeatureSearchDemoAppTests.xctest"
               BlueprintName = "FeatureSearchDemoAppTests"
               ReferencedContainer = "container:Projects/FeatureSearchDemoApp/FeatureSearchDemoApp.xcodeproj">
            </BuildableReference>
         </BuildActionEntry>
         <BuildActionEntry
            buildForTesting = "YES"
            buildForRunning = "YES"
            buildForProfiling = "YES"
            buildForArchiving = "YES"
            buildForAnalyzing = "YES">
            <BuildableReference
               BuildableIdentifier = "primary"
               BlueprintIdentifier = "6FF32A6D5608161259C67416"
               BuildableName = "FeatureSearchTests.xctest"
               BlueprintName = "FeatureSearchTests"
               ReferencedContainer = "container:Projects/FeatureSearch/FeatureSearch.xcodeproj">
            </BuildableReference>
         </BuildActionEntry>
         <BuildActionEntry
            buildForTesting = "YES"
            buildForRunning = "YES"
            buildForProfiling = "YES"
            buildForArchiving = "YES"
            buildForAnalyzing = "YES">
            <BuildableReference
               BuildableIdentifier = "primary"
               BlueprintIdentifier = "B80BEDE90B5E77851A6B8979"
               BuildableName = "FeatureTests.xctest"
               BlueprintName = "FeatureTests"
               ReferencedContainer = "container:Projects/Feature/Feature.xcodeproj">
            </BuildableReference>
         </BuildActionEntry>
         <BuildActionEntry
            buildForTesting = "YES"
            buildForRunning = "YES"
            buildForProfiling = "YES"
            buildForArchiving = "YES"
            buildForAnalyzing = "YES">
            <BuildableReference
               BuildableIdentifier = "primary"
               BlueprintIdentifier = "E6A18E03EC9FDB947B7A6B0F"
               BuildableName = "FeatureToday.framework"
               BlueprintName = "FeatureToday"
               ReferencedContainer = "container:Projects/FeatureToday/FeatureToday.xcodeproj">
            </BuildableReference>
         </BuildActionEntry>
         <BuildActionEntry
            buildForTesting = "YES"
            buildForRunning = "YES"
            buildForProfiling = "YES"
            buildForArchiving = "YES"
            buildForAnalyzing = "YES">
            <BuildableReference
               BuildableIdentifier = "primary"
               BlueprintIdentifier = "C90E3FF0A00A5221D4D548C9"
               BuildableName = "FeatureTodayTests.xctest"
               BlueprintName = "FeatureTodayTests"
               ReferencedContainer = "container:Projects/FeatureToday/FeatureToday.xcodeproj">
            </BuildableReference>
         </BuildActionEntry>
         <BuildActionEntry
            buildForTesting = "YES"
            buildForRunning = "YES"
            buildForProfiling = "YES"
            buildForArchiving = "YES"
            buildForAnalyzing = "YES">
            <BuildableReference
               BuildableIdentifier = "primary"
               BlueprintIdentifier = "B3B395FD6136F57D630138BD"
               BuildableName = "Kingfisher.framework"
               BlueprintName = "Kingfisher"
               ReferencedContainer = "container:Tuist/Dependencies/SwiftPackageManager/.build/checkouts/Kingfisher/Kingfisher.xcodeproj">
            </BuildableReference>
         </BuildActionEntry>
         <BuildActionEntry
            buildForTesting = "YES"
            buildForRunning = "YES"
            buildForProfiling = "YES"
            buildForArchiving = "YES"
            buildForAnalyzing = "YES">
            <BuildableReference
               BuildableIdentifier = "primary"
               BlueprintIdentifier = "453323209A3FFF1E78EECE5D"
               BuildableName = "NetworkService.framework"
               BlueprintName = "NetworkService"
               ReferencedContainer = "container:Projects/NetworkService/NetworkService.xcodeproj">
            </BuildableReference>
         </BuildActionEntry>
         <BuildActionEntry
            buildForTesting = "YES"
            buildForRunning = "YES"
            buildForProfiling = "YES"
            buildForArchiving = "YES"
            buildForAnalyzing = "YES">
            <BuildableReference
               BuildableIdentifier = "primary"
               BlueprintIdentifier = "E9352438CCA76AF037B25979"
               BuildableName = "NetworkServiceTests.xctest"
               BlueprintName = "NetworkServiceTests"
               ReferencedContainer = "container:Projects/NetworkService/NetworkService.xcodeproj">
            </BuildableReference>
         </BuildActionEntry>
         <BuildActionEntry
            buildForTesting = "YES"
            buildForRunning = "YES"
            buildForProfiling = "YES"
            buildForArchiving = "YES"
            buildForAnalyzing = "YES">
            <BuildableReference
               BuildableIdentifier = "primary"
               BlueprintIdentifier = "BE63AA4F4745B889E8BE932E"
               BuildableName = "Runtime.framework"
               BlueprintName = "Runtime"
               ReferencedContainer = "container:Tuist/Dependencies/SwiftPackageManager/.build/checkouts/CombineCocoa/CombineCocoa.xcodeproj">
            </BuildableReference>
         </BuildActionEntry>
         <BuildActionEntry
            buildForTesting = "YES"
            buildForRunning = "YES"
            buildForProfiling = "YES"
            buildForArchiving = "YES"
            buildForAnalyzing = "YES">
            <BuildableReference
               BuildableIdentifier = "primary"
               BlueprintIdentifier = "8A043024BB190898066F1729"
               BuildableName = "SnapKit.framework"
               BlueprintName = "SnapKit"
               ReferencedContainer = "container:Tuist/Dependencies/SwiftPackageManager/.build/checkouts/SnapKit/SnapKit.xcodeproj">
            </BuildableReference>
         </BuildActionEntry>
         <BuildActionEntry
            buildForTesting = "YES"
            buildForRunning = "YES"
            buildForProfiling = "YES"
            buildForArchiving = "YES"
            buildForAnalyzing = "YES">
            <BuildableReference
               BuildableIdentifier = "primary"
               BlueprintIdentifier = "A71F8DD2A4C18857FFBFF581"
               BuildableName = "UI.framework"
               BlueprintName = "UI"
               ReferencedContainer = "container:Projects/UI/UI.xcodeproj">
            </BuildableReference>
         </BuildActionEntry>
         <BuildActionEntry
            buildForTesting = "YES"
            buildForRunning = "YES"
            buildForProfiling = "YES"
            buildForArchiving = "YES"
            buildForAnalyzing = "YES">
            <BuildableReference
               BuildableIdentifier = "primary"
               BlueprintIdentifier = "F5B409AA710E5F5513429B5E"
               BuildableName = "UITests.xctest"
               BlueprintName = "UITests"
               ReferencedContainer = "container:Projects/UI/UI.xcodeproj">
            </BuildableReference>
         </BuildActionEntry>
         <BuildActionEntry
            buildForTesting = "YES"
            buildForRunning = "YES"
            buildForProfiling = "YES"
            buildForArchiving = "YES"
            buildForAnalyzing = "YES">
            <BuildableReference
               BuildableIdentifier = "primary"
               BlueprintIdentifier = "C0252FCCE7557E2D21E4561C"
               BuildableName = "Utils.framework"
               BlueprintName = "Utils"
               ReferencedContainer = "container:Projects/Utils/Utils.xcodeproj">
            </BuildableReference>
         </BuildActionEntry>
         <BuildActionEntry
            buildForTesting = "YES"
            buildForRunning = "YES"
            buildForProfiling = "YES"
            buildForArchiving = "YES"
            buildForAnalyzing = "YES">
            <BuildableReference
               BuildableIdentifier = "primary"
               BlueprintIdentifier = "1DCB1A88ED933140A011EC01"
               BuildableName = "UtilsTests.xctest"
               BlueprintName = "UtilsTests"
               ReferencedContainer = "container:Projects/Utils/Utils.xcodeproj">
            </BuildableReference>
         </BuildActionEntry>
      </BuildActionEntries>
   </BuildAction>
   <TestAction
      buildConfiguration = "Debug"
      selectedDebuggerIdentifier = "Xcode.DebuggerFoundation.Debugger.LLDB"
      selectedLauncherIdentifier = "Xcode.DebuggerFoundation.Launcher.LLDB"
      shouldUseLaunchSchemeArgsEnv = "YES">
      <Testables>
         <TestableReference
            skipped = "NO">
            <BuildableReference
               BuildableIdentifier = "primary"
               BlueprintIdentifier = "FC89A7898A721BD3826C9825"
               BuildableName = "ApplicationTests.xctest"
               BlueprintName = "ApplicationTests"
               ReferencedContainer = "container:Projects/Application/Application.xcodeproj">
            </BuildableReference>
         </TestableReference>
         <TestableReference
            skipped = "NO">
            <BuildableReference
               BuildableIdentifier = "primary"
               BlueprintIdentifier = "73B1A2AD90A7970B7DB39CDC"
               BuildableName = "CoreTests.xctest"
               BlueprintName = "CoreTests"
               ReferencedContainer = "container:Projects/Core/Core.xcodeproj">
            </BuildableReference>
         </TestableReference>
         <TestableReference
            skipped = "NO">
            <BuildableReference
               BuildableIdentifier = "primary"
               BlueprintIdentifier = "215D920A36D439D0EBEA743F"
               BuildableName = "FeatureSearchDemoAppTests.xctest"
               BlueprintName = "FeatureSearchDemoAppTests"
               ReferencedContainer = "container:Projects/FeatureSearchDemoApp/FeatureSearchDemoApp.xcodeproj">
            </BuildableReference>
         </TestableReference>
         <TestableReference
            skipped = "NO">
            <BuildableReference
               BuildableIdentifier = "primary"
               BlueprintIdentifier = "6FF32A6D5608161259C67416"
               BuildableName = "FeatureSearchTests.xctest"
               BlueprintName = "FeatureSearchTests"
               ReferencedContainer = "container:Projects/FeatureSearch/FeatureSearch.xcodeproj">
            </BuildableReference>
         </TestableReference>
         <TestableReference
            skipped = "NO">
            <BuildableReference
               BuildableIdentifier = "primary"
               BlueprintIdentifier = "B80BEDE90B5E77851A6B8979"
               BuildableName = "FeatureTests.xctest"
               BlueprintName = "FeatureTests"
               ReferencedContainer = "container:Projects/Feature/Feature.xcodeproj">
            </BuildableReference>
         </TestableReference>
         <TestableReference
            skipped = "NO">
            <BuildableReference
               BuildableIdentifier = "primary"
               BlueprintIdentifier = "C90E3FF0A00A5221D4D548C9"
               BuildableName = "FeatureTodayTests.xctest"
               BlueprintName = "FeatureTodayTests"
               ReferencedContainer = "container:Projects/FeatureToday/FeatureToday.xcodeproj">
            </BuildableReference>
         </TestableReference>
         <TestableReference
            skipped = "NO">
            <BuildableReference
               BuildableIdentifier = "primary"
               BlueprintIdentifier = "E9352438CCA76AF037B25979"
               BuildableName = "NetworkServiceTests.xctest"
               BlueprintName = "NetworkServiceTests"
               ReferencedContainer = "container:Projects/NetworkService/NetworkService.xcodeproj">
            </BuildableReference>
         </TestableReference>
         <TestableReference
            skipped = "NO">
            <BuildableReference
               BuildableIdentifier = "primary"
               BlueprintIdentifier = "F5B409AA710E5F5513429B5E"
               BuildableName = "UITests.xctest"
               BlueprintName = "UITests"
               ReferencedContainer = "container:Projects/UI/UI.xcodeproj">
            </BuildableReference>
         </TestableReference>
         <TestableReference
            skipped = "NO">
            <BuildableReference
               BuildableIdentifier = "primary"
               BlueprintIdentifier = "1DCB1A88ED933140A011EC01"
               BuildableName = "UtilsTests.xctest"
               BlueprintName = "UtilsTests"
               ReferencedContainer = "container:Projects/Utils/Utils.xcodeproj">
            </BuildableReference>
         </TestableReference>
      </Testables>
   </TestAction>
   <LaunchAction
      buildConfiguration = "Debug"
      selectedDebuggerIdentifier = "Xcode.DebuggerFoundation.Debugger.LLDB"
      selectedLauncherIdentifier = "Xcode.DebuggerFoundation.Launcher.LLDB"
      launchStyle = "0"
      useCustomWorkingDirectory = "NO"
      ignoresPersistentStateOnLaunch = "NO"
      debugDocumentVersioning = "YES"
      debugServiceExtension = "internal"
      allowLocationSimulation = "YES">
      <BuildableProductRunnable
         runnableDebuggingMode = "0">
         <BuildableReference
            BuildableIdentifier = "primary"
            BlueprintIdentifier = "174F228032D86EF138FD3A2B"
            BuildableName = "Application.app"
            BlueprintName = "Application"
            ReferencedContainer = "container:Projects/Application/Application.xcodeproj">
         </BuildableReference>
      </BuildableProductRunnable>
   </LaunchAction>
   <ProfileAction
      buildConfiguration = "Release"
      shouldUseLaunchSchemeArgsEnv = "YES"
      savedToolIdentifier = ""
      useCustomWorkingDirectory = "NO"
      debugDocumentVersioning = "YES">
      <BuildableProductRunnable
         runnableDebuggingMode = "0">
         <BuildableReference
            BuildableIdentifier = "primary"
            BlueprintIdentifier = "174F228032D86EF138FD3A2B"
            BuildableName = "Application.app"
            BlueprintName = "Application"
            ReferencedContainer = "container:Projects/Application/Application.xcodeproj">
         </BuildableReference>
      </BuildableProductRunnable>
   </ProfileAction>
   <AnalyzeAction
      buildConfiguration = "Debug">
   </AnalyzeAction>
   <ArchiveAction
      buildConfiguration = "Release"
      revealArchiveInOrganizer = "YES">
   </ArchiveAction>
</Scheme>
